// !$*UTF8*$!
{
	archiveVersion = 1;
	classes = {
	};
	objectVersion = 46;
	objects = {

/* Begin PBXBuildFile section */
		081DDE3B17090A4C00C2B726 /* Foundation.framework in Frameworks */ = {isa = PBXBuildFile; fileRef = 081DDE3A17090A4C00C2B726 /* Foundation.framework */; };
		081DDE4017090A4C00C2B726 /* Variant.h in CopyFiles */ = {isa = PBXBuildFile; fileRef = 081DDE3F17090A4C00C2B726 /* Variant.h */; };
		081DDE4217090A4C00C2B726 /* Variant.m in Sources */ = {isa = PBXBuildFile; fileRef = 081DDE4117090A4C00C2B726 /* Variant.m */; };
		08331CC41709E8640007C054 /* VariantObject.m in Sources */ = {isa = PBXBuildFile; fileRef = 08331CC31709E8640007C054 /* VariantObject.m */; };
		08331CC51709EBF00007C054 /* VariantObject.h in CopyFiles */ = {isa = PBXBuildFile; fileRef = 08331CC21709E8640007C054 /* VariantObject.h */; };
/* End PBXBuildFile section */

/* Begin PBXCopyFilesBuildPhase section */
		081DDE3517090A4C00C2B726 /* CopyFiles */ = {
			isa = PBXCopyFilesBuildPhase;
			buildActionMask = 2147483647;
			dstPath = "include/${PRODUCT_NAME}";
			dstSubfolderSpec = 16;
			files = (
				08331CC51709EBF00007C054 /* VariantObject.h in CopyFiles */,
				081DDE4017090A4C00C2B726 /* Variant.h in CopyFiles */,
			);
			runOnlyForDeploymentPostprocessing = 0;
		};
/* End PBXCopyFilesBuildPhase section */

/* Begin PBXFileReference section */
		081DDE3717090A4C00C2B726 /* libVariant.a */ = {isa = PBXFileReference; explicitFileType = archive.ar; includeInIndex = 0; path = libVariant.a; sourceTree = BUILT_PRODUCTS_DIR; };
		081DDE3A17090A4C00C2B726 /* Foundation.framework */ = {isa = PBXFileReference; lastKnownFileType = wrapper.framework; name = Foundation.framework; path = System/Library/Frameworks/Foundation.framework; sourceTree = SDKROOT; };
		081DDE3E17090A4C00C2B726 /* Variant-Prefix.pch */ = {isa = PBXFileReference; lastKnownFileType = sourcecode.c.h; path = "Variant-Prefix.pch"; sourceTree = "<group>"; };
		081DDE3F17090A4C00C2B726 /* Variant.h */ = {isa = PBXFileReference; lastKnownFileType = sourcecode.c.h; path = Variant.h; sourceTree = "<group>"; };
		081DDE4117090A4C00C2B726 /* Variant.m */ = {isa = PBXFileReference; lastKnownFileType = sourcecode.c.objc; path = Variant.m; sourceTree = "<group>"; };
		08331CC21709E8640007C054 /* VariantObject.h */ = {isa = PBXFileReference; fileEncoding = 4; lastKnownFileType = sourcecode.c.h; path = VariantObject.h; sourceTree = "<group>"; };
		08331CC31709E8640007C054 /* VariantObject.m */ = {isa = PBXFileReference; fileEncoding = 4; lastKnownFileType = sourcecode.c.objc; path = VariantObject.m; sourceTree = "<group>"; };
/* End PBXFileReference section */

/* Begin PBXFrameworksBuildPhase section */
		081DDE3417090A4C00C2B726 /* Frameworks */ = {
			isa = PBXFrameworksBuildPhase;
			buildActionMask = 2147483647;
			files = (
				081DDE3B17090A4C00C2B726 /* Foundation.framework in Frameworks */,
			);
			runOnlyForDeploymentPostprocessing = 0;
		};
/* End PBXFrameworksBuildPhase section */

/* Begin PBXGroup section */
		081DDE2E17090A4C00C2B726 = {
			isa = PBXGroup;
			children = (
				081DDE3C17090A4C00C2B726 /* Variant */,
				081DDE3917090A4C00C2B726 /* Frameworks */,
				081DDE3817090A4C00C2B726 /* Products */,
			);
			sourceTree = "<group>";
		};
		081DDE3817090A4C00C2B726 /* Products */ = {
			isa = PBXGroup;
			children = (
				081DDE3717090A4C00C2B726 /* libVariant.a */,
			);
			name = Products;
			sourceTree = "<group>";
		};
		081DDE3917090A4C00C2B726 /* Frameworks */ = {
			isa = PBXGroup;
			children = (
				081DDE3A17090A4C00C2B726 /* Foundation.framework */,
			);
			name = Frameworks;
			sourceTree = "<group>";
		};
		081DDE3C17090A4C00C2B726 /* Variant */ = {
			isa = PBXGroup;
			children = (
				08331CC11709E84C0007C054 /* VariantObject */,
				081DDE3F17090A4C00C2B726 /* Variant.h */,
				081DDE4117090A4C00C2B726 /* Variant.m */,
				081DDE3D17090A4C00C2B726 /* Supporting Files */,
			);
			path = Variant;
			sourceTree = "<group>";
		};
		081DDE3D17090A4C00C2B726 /* Supporting Files */ = {
			isa = PBXGroup;
			children = (
				081DDE3E17090A4C00C2B726 /* Variant-Prefix.pch */,
			);
			name = "Supporting Files";
			sourceTree = "<group>";
		};
		08331CC11709E84C0007C054 /* VariantObject */ = {
			isa = PBXGroup;
			children = (
				08331CC21709E8640007C054 /* VariantObject.h */,
				08331CC31709E8640007C054 /* VariantObject.m */,
			);
			name = VariantObject;
			sourceTree = "<group>";
		};
/* End PBXGroup section */

/* Begin PBXNativeTarget section */
		081DDE3617090A4C00C2B726 /* Variant */ = {
			isa = PBXNativeTarget;
			buildConfigurationList = 081DDE4517090A4C00C2B726 /* Build configuration list for PBXNativeTarget "Variant" */;
			buildPhases = (
				081DDE3317090A4C00C2B726 /* Sources */,
				081DDE3417090A4C00C2B726 /* Frameworks */,
				081DDE3517090A4C00C2B726 /* CopyFiles */,
			);
			buildRules = (
			);
			dependencies = (
			);
			name = Variant;
			productName = Variant;
			productReference = 081DDE3717090A4C00C2B726 /* libVariant.a */;
			productType = "com.apple.product-type.library.static";
		};
/* End PBXNativeTarget section */

/* Begin PBXProject section */
		081DDE2F17090A4C00C2B726 /* Project object */ = {
			isa = PBXProject;
			attributes = {
				LastUpgradeCheck = 0460;
				ORGANIZATIONNAME = "Wess Cope";
			};
			buildConfigurationList = 081DDE3217090A4C00C2B726 /* Build configuration list for PBXProject "Variant" */;
			compatibilityVersion = "Xcode 3.2";
			developmentRegion = English;
			hasScannedForEncodings = 0;
			knownRegions = (
				en,
			);
			mainGroup = 081DDE2E17090A4C00C2B726;
			productRefGroup = 081DDE3817090A4C00C2B726 /* Products */;
			projectDirPath = "";
			projectRoot = "";
			targets = (
				081DDE3617090A4C00C2B726 /* Variant */,
			);
		};
/* End PBXProject section */

/* Begin PBXSourcesBuildPhase section */
		081DDE3317090A4C00C2B726 /* Sources */ = {
			isa = PBXSourcesBuildPhase;
			buildActionMask = 2147483647;
			files = (
				081DDE4217090A4C00C2B726 /* Variant.m in Sources */,
				08331CC41709E8640007C054 /* VariantObject.m in Sources */,
			);
			runOnlyForDeploymentPostprocessing = 0;
		};
/* End PBXSourcesBuildPhase section */

/* Begin XCBuildConfiguration section */
		081DDE4317090A4C00C2B726 /* Debug */ = {
			isa = XCBuildConfiguration;
			buildSettings = {
				ALWAYS_SEARCH_USER_PATHS = NO;
				CLANG_CXX_LANGUAGE_STANDARD = "gnu++0x";
				CLANG_CXX_LIBRARY = "libc++";
				CLANG_ENABLE_OBJC_ARC = YES;
				CLANG_WARN_CONSTANT_CONVERSION = YES;
				CLANG_WARN_EMPTY_BODY = YES;
				CLANG_WARN_ENUM_CONVERSION = YES;
				CLANG_WARN_INT_CONVERSION = YES;
				CLANG_WARN__DUPLICATE_METHOD_MATCH = YES;
				COPY_PHASE_STRIP = NO;
				GCC_C_LANGUAGE_STANDARD = gnu99;
				GCC_DYNAMIC_NO_PIC = NO;
				GCC_OPTIMIZATION_LEVEL = 0;
				GCC_PREPROCESSOR_DEFINITIONS = (
					"DEBUG=1",
					"$(inherited)",
				);
				GCC_SYMBOLS_PRIVATE_EXTERN = NO;
				GCC_WARN_ABOUT_RETURN_TYPE = YES;
				GCC_WARN_UNINITIALIZED_AUTOS = YES;
				GCC_WARN_UNUSED_VARIABLE = YES;
				IPHONEOS_DEPLOYMENT_TARGET = 6.1;
				ONLY_ACTIVE_ARCH = YES;
				SDKROOT = iphoneos;
			};
			name = Debug;
		};
		081DDE4417090A4C00C2B726 /* Release */ = {
			isa = XCBuildConfiguration;
			buildSettings = {
				ALWAYS_SEARCH_USER_PATHS = NO;
				CLANG_CXX_LANGUAGE_STANDARD = "gnu++0x";
				CLANG_CXX_LIBRARY = "libc++";
				CLANG_ENABLE_OBJC_ARC = YES;
				CLANG_WARN_CONSTANT_CONVERSION = YES;
				CLANG_WARN_EMPTY_BODY = YES;
				CLANG_WARN_ENUM_CONVERSION = YES;
				CLANG_WARN_INT_CONVERSION = YES;
				CLANG_WARN__DUPLICATE_METHOD_MATCH = YES;
				COPY_PHASE_STRIP = YES;
				GCC_C_LANGUAGE_STANDARD = gnu99;
				GCC_WARN_ABOUT_RETURN_TYPE = YES;
				GCC_WARN_UNINITIALIZED_AUTOS = YES;
				GCC_WARN_UNUSED_VARIABLE = YES;
				IPHONEOS_DEPLOYMENT_TARGET = 6.1;
				SDKROOT = iphoneos;
				VALIDATE_PRODUCT = YES;
			};
			name = Release;
		};
		081DDE4617090A4C00C2B726 /* Debug */ = {
			isa = XCBuildConfiguration;
			buildSettings = {
				DSTROOT = /tmp/Variant.dst;
				GCC_PRECOMPILE_PREFIX_HEADER = YES;
				GCC_PREFIX_HEADER = "Variant/Variant-Prefix.pch";
				OTHER_LDFLAGS = "-ObjC";
				PRODUCT_NAME = "$(TARGET_NAME)";
				SKIP_INSTALL = YES;
			};
			name = Debug;
		};
		081DDE4717090A4C00C2B726 /* Release */ = {
			isa = XCBuildConfiguration;
			buildSettings = {
				DSTROOT = /tmp/Variant.dst;
				GCC_PRECOMPILE_PREFIX_HEADER = YES;
				GCC_PREFIX_HEADER = "Variant/Variant-Prefix.pch";
				OTHER_LDFLAGS = "-ObjC";
				PRODUCT_NAME = "$(TARGET_NAME)";
				SKIP_INSTALL = YES;
			};
			name = Release;
		};
/* End XCBuildConfiguration section */

/* Begin XCConfigurationList section */
		081DDE3217090A4C00C2B726 /* Build configuration list for PBXProject "Variant" */ = {
			isa = XCConfigurationList;
			buildConfigurations = (
				081DDE4317090A4C00C2B726 /* Debug */,
				081DDE4417090A4C00C2B726 /* Release */,
			);
			defaultConfigurationIsVisible = 0;
			defaultConfigurationName = Release;
		};
		081DDE4517090A4C00C2B726 /* Build configuration list for PBXNativeTarget "Variant" */ = {
			isa = XCConfigurationList;
			buildConfigurations = (
				081DDE4617090A4C00C2B726 /* Debug */,
				081DDE4717090A4C00C2B726 /* Release */,
			);
			defaultConfigurationIsVisible = 0;
			defaultConfigurationName = Release;
		};
/* End XCConfigurationList section */
	};
	rootObject = 081DDE2F17090A4C00C2B726 /* Project object */;
}
